// !$*UTF8*$!
{
	archiveVersion = 1;
	classes = {
	};
	objectVersion = 46;
	objects = {

/* Begin PBXBuildFile section */
		7014E83D1D41DE4B005A59B4 /* main.m in Sources */ = {isa = PBXBuildFile; fileRef = 7014E83C1D41DE4B005A59B4 /* main.m */; };
		7014E8401D41DE4B005A59B4 /* AppDelegate.m in Sources */ = {isa = PBXBuildFile; fileRef = 7014E83F1D41DE4B005A59B4 /* AppDelegate.m */; };
		7014E8431D41DE4B005A59B4 /* ViewController.m in Sources */ = {isa = PBXBuildFile; fileRef = 7014E8421D41DE4B005A59B4 /* ViewController.m */; };
		7014E8461D41DE4B005A59B4 /* Main.storyboard in Resources */ = {isa = PBXBuildFile; fileRef = 7014E8441D41DE4B005A59B4 /* Main.storyboard */; };
		7014E8481D41DE4B005A59B4 /* Assets.xcassets in Resources */ = {isa = PBXBuildFile; fileRef = 7014E8471D41DE4B005A59B4 /* Assets.xcassets */; };
		7014E84B1D41DE4B005A59B4 /* LaunchScreen.storyboard in Resources */ = {isa = PBXBuildFile; fileRef = 7014E8491D41DE4B005A59B4 /* LaunchScreen.storyboard */; };
		7014E8541D41DE62005A59B4 /* CDViewController.m in Sources */ = {isa = PBXBuildFile; fileRef = 7014E8531D41DE62005A59B4 /* CDViewController.m */; };
		7014E8571D41DEA6005A59B4 /* TimeObject.m in Sources */ = {isa = PBXBuildFile; fileRef = 7014E8561D41DEA6005A59B4 /* TimeObject.m */; };
		7014E85A1D41DED4005A59B4 /* NavigationController.m in Sources */ = {isa = PBXBuildFile; fileRef = 7014E8591D41DED4005A59B4 /* NavigationController.m */; };
		7014E85D1D41E019005A59B4 /* ViewController1.m in Sources */ = {isa = PBXBuildFile; fileRef = 7014E85C1D41E019005A59B4 /* ViewController1.m */; };
		7014E8631D41EFEF005A59B4 /* ViewController2.m in Sources */ = {isa = PBXBuildFile; fileRef = 7014E8621D41EFEF005A59B4 /* ViewController2.m */; };
		7014E86F1D4206B1005A59B4 /* UIWindow+Touch.m in Sources */ = {isa = PBXBuildFile; fileRef = 7014E86E1D4206B1005A59B4 /* UIWindow+Touch.m */; };
/* End PBXBuildFile section */

/* Begin PBXFileReference section */
		7014E8381D41DE4B005A59B4 /* TestDemo.app */ = {isa = PBXFileReference; explicitFileType = wrapper.application; includeInIndex = 0; path = TestDemo.app; sourceTree = BUILT_PRODUCTS_DIR; };
		7014E83C1D41DE4B005A59B4 /* main.m */ = {isa = PBXFileReference; lastKnownFileType = sourcecode.c.objc; path = main.m; sourceTree = "<group>"; };
		7014E83E1D41DE4B005A59B4 /* AppDelegate.h */ = {isa = PBXFileReference; lastKnownFileType = sourcecode.c.h; path = AppDelegate.h; sourceTree = "<group>"; };
		7014E83F1D41DE4B005A59B4 /* AppDelegate.m */ = {isa = PBXFileReference; lastKnownFileType = sourcecode.c.objc; path = AppDelegate.m; sourceTree = "<group>"; };
		7014E8411D41DE4B005A59B4 /* ViewController.h */ = {isa = PBXFileReference; lastKnownFileType = sourcecode.c.h; path = ViewController.h; sourceTree = "<group>"; };
		7014E8421D41DE4B005A59B4 /* ViewController.m */ = {isa = PBXFileReference; lastKnownFileType = sourcecode.c.objc; path = ViewController.m; sourceTree = "<group>"; };
		7014E8451D41DE4B005A59B4 /* Base */ = {isa = PBXFileReference; lastKnownFileType = file.storyboard; name = Base; path = Base.lproj/Main.storyboard; sourceTree = "<group>"; };
		7014E8471D41DE4B005A59B4 /* Assets.xcassets */ = {isa = PBXFileReference; lastKnownFileType = folder.assetcatalog; path = Assets.xcassets; sourceTree = "<group>"; };
		7014E84A1D41DE4B005A59B4 /* Base */ = {isa = PBXFileReference; lastKnownFileType = file.storyboard; name = Base; path = Base.lproj/LaunchScreen.storyboard; sourceTree = "<group>"; };
		7014E84C1D41DE4B005A59B4 /* Info.plist */ = {isa = PBXFileReference; lastKnownFileType = text.plist.xml; path = Info.plist; sourceTree = "<group>"; };
		7014E8521D41DE62005A59B4 /* CDViewController.h */ = {isa = PBXFileReference; fileEncoding = 4; lastKnownFileType = sourcecode.c.h; path = CDViewController.h; sourceTree = "<group>"; };
		7014E8531D41DE62005A59B4 /* CDViewController.m */ = {isa = PBXFileReference; fileEncoding = 4; lastKnownFileType = sourcecode.c.objc; path = CDViewController.m; sourceTree = "<group>"; };
		7014E8551D41DEA6005A59B4 /* TimeObject.h */ = {isa = PBXFileReference; fileEncoding = 4; lastKnownFileType = sourcecode.c.h; path = TimeObject.h; sourceTree = "<group>"; };
		7014E8561D41DEA6005A59B4 /* TimeObject.m */ = {isa = PBXFileReference; fileEncoding = 4; lastKnownFileType = sourcecode.c.objc; path = TimeObject.m; sourceTree = "<group>"; };
		7014E8581D41DED4005A59B4 /* NavigationController.h */ = {isa = PBXFileReference; fileEncoding = 4; lastKnownFileType = sourcecode.c.h; path = NavigationController.h; sourceTree = "<group>"; };
		7014E8591D41DED4005A59B4 /* NavigationController.m */ = {isa = PBXFileReference; fileEncoding = 4; lastKnownFileType = sourcecode.c.objc; path = NavigationController.m; sourceTree = "<group>"; };
		7014E85B1D41E019005A59B4 /* ViewController1.h */ = {isa = PBXFileReference; fileEncoding = 4; lastKnownFileType = sourcecode.c.h; path = ViewController1.h; sourceTree = "<group>"; };
		7014E85C1D41E019005A59B4 /* ViewController1.m */ = {isa = PBXFileReference; fileEncoding = 4; lastKnownFileType = sourcecode.c.objc; path = ViewController1.m; sourceTree = "<group>"; };
		7014E8611D41EFEF005A59B4 /* ViewController2.h */ = {isa = PBXFileReference; fileEncoding = 4; lastKnownFileType = sourcecode.c.h; path = ViewController2.h; sourceTree = "<group>"; };
		7014E8621D41EFEF005A59B4 /* ViewController2.m */ = {isa = PBXFileReference; fileEncoding = 4; lastKnownFileType = sourcecode.c.objc; path = ViewController2.m; sourceTree = "<group>"; };
		7014E86D1D4206B1005A59B4 /* UIWindow+Touch.h */ = {isa = PBXFileReference; fileEncoding = 4; lastKnownFileType = sourcecode.c.h; path = "UIWindow+Touch.h"; sourceTree = "<group>"; };
		7014E86E1D4206B1005A59B4 /* UIWindow+Touch.m */ = {isa = PBXFileReference; fileEncoding = 4; lastKnownFileType = sourcecode.c.objc; path = "UIWindow+Touch.m"; sourceTree = "<group>"; };
/* End PBXFileReference section */

/* Begin PBXFrameworksBuildPhase section */
		7014E8351D41DE4B005A59B4 /* Frameworks */ = {
			isa = PBXFrameworksBuildPhase;
			buildActionMask = 2147483647;
			files = (
			);
			runOnlyForDeploymentPostprocessing = 0;
		};
/* End PBXFrameworksBuildPhase section */

/* Begin PBXGroup section */
		7014E82F1D41DE4B005A59B4 = {
			isa = PBXGroup;
			children = (
				7014E83A1D41DE4B005A59B4 /* TestDemo */,
				7014E8391D41DE4B005A59B4 /* Products */,
			);
			sourceTree = "<group>";
		};
		7014E8391D41DE4B005A59B4 /* Products */ = {
			isa = PBXGroup;
			children = (
				7014E8381D41DE4B005A59B4 /* TestDemo.app */,
			);
			name = Products;
			sourceTree = "<group>";
		};
		7014E83A1D41DE4B005A59B4 /* TestDemo */ = {
			isa = PBXGroup;
			children = (
				7014E83E1D41DE4B005A59B4 /* AppDelegate.h */,
				7014E83F1D41DE4B005A59B4 /* AppDelegate.m */,
				7014E86D1D4206B1005A59B4 /* UIWindow+Touch.h */,
				7014E86E1D4206B1005A59B4 /* UIWindow+Touch.m */,
				7014E8521D41DE62005A59B4 /* CDViewController.h */,
				7014E8531D41DE62005A59B4 /* CDViewController.m */,
				7014E8551D41DEA6005A59B4 /* TimeObject.h */,
				7014E8561D41DEA6005A59B4 /* TimeObject.m */,
				7014E8581D41DED4005A59B4 /* NavigationController.h */,
				7014E8591D41DED4005A59B4 /* NavigationController.m */,
				7014E8411D41DE4B005A59B4 /* ViewController.h */,
				7014E8421D41DE4B005A59B4 /* ViewController.m */,
				7014E85B1D41E019005A59B4 /* ViewController1.h */,
				7014E85C1D41E019005A59B4 /* ViewController1.m */,
				7014E8611D41EFEF005A59B4 /* ViewController2.h */,
				7014E8621D41EFEF005A59B4 /* ViewController2.m */,
				7014E8441D41DE4B005A59B4 /* Main.storyboard */,
				7014E8471D41DE4B005A59B4 /* Assets.xcassets */,
				7014E8491D41DE4B005A59B4 /* LaunchScreen.storyboard */,
				7014E84C1D41DE4B005A59B4 /* Info.plist */,
				7014E83B1D41DE4B005A59B4 /* Supporting Files */,
			);
			path = TestDemo;
			sourceTree = "<group>";
		};
		7014E83B1D41DE4B005A59B4 /* Supporting Files */ = {
			isa = PBXGroup;
			children = (
				7014E83C1D41DE4B005A59B4 /* main.m */,
			);
			name = "Supporting Files";
			sourceTree = "<group>";
		};
/* End PBXGroup section */

/* Begin PBXNativeTarget section */
		7014E8371D41DE4B005A59B4 /* TestDemo */ = {
			isa = PBXNativeTarget;
			buildConfigurationList = 7014E84F1D41DE4B005A59B4 /* Build configuration list for PBXNativeTarget "TestDemo" */;
			buildPhases = (
				7014E8341D41DE4B005A59B4 /* Sources */,
				7014E8351D41DE4B005A59B4 /* Frameworks */,
				7014E8361D41DE4B005A59B4 /* Resources */,
			);
			buildRules = (
			);
			dependencies = (
			);
			name = TestDemo;
			productName = TestDemo;
			productReference = 7014E8381D41DE4B005A59B4 /* TestDemo.app */;
			productType = "com.apple.product-type.application";
		};
/* End PBXNativeTarget section */

/* Begin PBXProject section */
		7014E8301D41DE4B005A59B4 /* Project object */ = {
			isa = PBXProject;
			attributes = {
				LastUpgradeCheck = 0720;
				ORGANIZATIONNAME = codoon;
				TargetAttributes = {
					7014E8371D41DE4B005A59B4 = {
						CreatedOnToolsVersion = 7.2.1;
					};
				};
			};
			buildConfigurationList = 7014E8331D41DE4B005A59B4 /* Build configuration list for PBXProject "TestDemo" */;
			compatibilityVersion = "Xcode 3.2";
			developmentRegion = English;
			hasScannedForEncodings = 0;
			knownRegions = (
				en,
				Base,
			);
			mainGroup = 7014E82F1D41DE4B005A59B4;
			productRefGroup = 7014E8391D41DE4B005A59B4 /* Products */;
			projectDirPath = "";
			projectRoot = "";
			targets = (
				7014E8371D41DE4B005A59B4 /* TestDemo */,
			);
		};
/* End PBXProject section */

/* Begin PBXResourcesBuildPhase section */
		7014E8361D41DE4B005A59B4 /* Resources */ = {
			isa = PBXResourcesBuildPhase;
			buildActionMask = 2147483647;
			files = (
				7014E84B1D41DE4B005A59B4 /* LaunchScreen.storyboard in Resources */,
				7014E8481D41DE4B005A59B4 /* Assets.xcassets in Resources */,
				7014E8461D41DE4B005A59B4 /* Main.storyboard in Resources */,
			);
			runOnlyForDeploymentPostprocessing = 0;
		};
/* End PBXResourcesBuildPhase section */

/* Begin PBXSourcesBuildPhase section */
		7014E8341D41DE4B005A59B4 /* Sources */ = {
			isa = PBXSourcesBuildPhase;
			buildActionMask = 2147483647;
			files = (
				7014E8431D41DE4B005A59B4 /* ViewController.m in Sources */,
				7014E85D1D41E019005A59B4 /* ViewController1.m in Sources */,
				7014E8401D41DE4B005A59B4 /* AppDelegate.m in Sources */,
				7014E83D1D41DE4B005A59B4 /* main.m in Sources */,
				7014E85A1D41DED4005A59B4 /* NavigationController.m in Sources */,
				7014E86F1D4206B1005A59B4 /* UIWindow+Touch.m in Sources */,
				7014E8631D41EFEF005A59B4 /* ViewController2.m in Sources */,
				7014E8571D41DEA6005A59B4 /* TimeObject.m in Sources */,
				7014E8541D41DE62005A59B4 /* CDViewController.m in Sources */,
			);
			runOnlyForDeploymentPostprocessing = 0;
		};
/* End PBXSourcesBuildPhase section */

/* Begin PBXVariantGroup section */
		7014E8441D41DE4B005A59B4 /* Main.storyboard */ = {
			isa = PBXVariantGroup;
			children = (
				7014E8451D41DE4B005A59B4 /* Base */,
			);
			name = Main.storyboard;
			sourceTree = "<group>";
		};
		7014E8491D41DE4B005A59B4 /* LaunchScreen.storyboard */ = {
			isa = PBXVariantGroup;
			children = (
				7014E84A1D41DE4B005A59B4 /* Base */,
			);
			name = LaunchScreen.storyboard;
			sourceTree = "<group>";
		};
/* End PBXVariantGroup section */

/* Begin XCBuildConfiguration section */
		7014E84D1D41DE4B005A59B4 /* Debug */ = {
			isa = XCBuildConfiguration;
			buildSettings = {
				ALWAYS_SEARCH_USER_PATHS = NO;
				CLANG_CXX_LANGUAGE_STANDARD = "gnu++0x";
				CLANG_CXX_LIBRARY = "libc++";
				CLANG_ENABLE_MODULES = YES;
				CLANG_ENABLE_OBJC_ARC = YES;
				CLANG_WARN_BOOL_CONVERSION = YES;
				CLANG_WARN_CONSTANT_CONVERSION = YES;
				CLANG_WARN_DIRECT_OBJC_ISA_USAGE = YES_ERROR;
				CLANG_WARN_EMPTY_BODY = YES;
				CLANG_WARN_ENUM_CONVERSION = YES;
				CLANG_WARN_INT_CONVERSION = YES;
				CLANG_WARN_OBJC_ROOT_CLASS = YES_ERROR;
				CLANG_WARN_UNREACHABLE_CODE = YES;
				CLANG_WARN__DUPLICATE_METHOD_MATCH = YES;
				"CODE_SIGN_IDENTITY[sdk=iphoneos*]" = "iPhone Developer";
				COPY_PHASE_STRIP = NO;
				DEBUG_INFORMATION_FORMAT = dwarf;
				ENABLE_STRICT_OBJC_MSGSEND = YES;
				ENABLE_TESTABILITY = YES;
				GCC_C_LANGUAGE_STANDARD = gnu99;
				GCC_DYNAMIC_NO_PIC = NO;
				GCC_NO_COMMON_BLOCKS = YES;
				GCC_OPTIMIZATION_LEVEL = 0;
				GCC_PREPROCESSOR_DEFINITIONS = (
					"DEBUG=1",
					"$(inherited)",
				);
				GCC_WARN_64_TO_32_BIT_CONVERSION = YES;
				GCC_WARN_ABOUT_RETURN_TYPE = YES_ERROR;
				GCC_WARN_UNDECLARED_SELECTOR = YES;
				GCC_WARN_UNINITIALIZED_AUTOS = YES_AGGRESSIVE;
				GCC_WARN_UNUSED_FUNCTION = YES;
				GCC_WARN_UNUSED_VARIABLE = YES;
				IPHONEOS_DEPLOYMENT_TARGET = 9.2;
				MTL_ENABLE_DEBUG_INFO = YES;
				ONLY_ACTIVE_ARCH = YES;
				SDKROOT = iphoneos;
				TARGETED_DEVICE_FAMILY = "1,2";
			};
			name = Debug;
		};
		7014E84E1D41DE4B005A59B4 /* Release */ = {
			isa = XCBuildConfiguration;
			buildSettings = {
				ALWAYS_SEARCH_USER_PATHS = NO;
				CLANG_CXX_LANGUAGE_STANDARD = "gnu++0x";
				CLANG_CXX_LIBRARY = "libc++";
				CLANG_ENABLE_MODULES = YES;
				CLANG_ENABLE_OBJC_ARC = YES;
				CLANG_WARN_BOOL_CONVERSION = YES;
				CLANG_WARN_CONSTANT_CONVERSION = YES;
				CLANG_WARN_DIRECT_OBJC_ISA_USAGE = YES_ERROR;
				CLANG_WARN_EMPTY_BODY = YES;
				CLANG_WARN_ENUM_CONVERSION = YES;
				CLANG_WARN_INT_CONVERSION = YES;
				CLANG_WARN_OBJC_ROOT_CLASS = YES_ERROR;
				CLANG_WARN_UNREACHABLE_CODE = YES;
				CLANG_WARN__DUPLICATE_METHOD_MATCH = YES;
				"CODE_SIGN_IDENTITY[sdk=iphoneos*]" = "iPhone Developer";
				COPY_PHASE_STRIP = NO;
				DEBUG_INFORMATION_FORMAT = "dwarf-with-dsym";
				ENABLE_NS_ASSERTIONS = NO;
				ENABLE_STRICT_OBJC_MSGSEND = YES;
				GCC_C_LANGUAGE_STANDARD = gnu99;
				GCC_NO_COMMON_BLOCKS = YES;
				GCC_WARN_64_TO_32_BIT_CONVERSION = YES;
				GCC_WARN_ABOUT_RETURN_TYPE = YES_ERROR;
				GCC_WARN_UNDECLARED_SELECTOR = YES;
				GCC_WARN_UNINITIALIZED_AUTOS = YES_AGGRESSIVE;
				GCC_WARN_UNUSED_FUNCTION = YES;
				GCC_WARN_UNUSED_VARIABLE = YES;
				IPHONEOS_DEPLOYMENT_TARGET = 9.2;
				MTL_ENABLE_DEBUG_INFO = NO;
				SDKROOT = iphoneos;
				TARGETED_DEVICE_FAMILY = "1,2";
				VALIDATE_PRODUCT = YES;
			};
			name = Release;
		};
		7014E8501D41DE4B005A59B4 /* Debug */ = {
			isa = XCBuildConfiguration;
			buildSettings = {
				ASSETCATALOG_COMPILER_APPICON_NAME = AppIcon;
				INFOPLIST_FILE = TestDemo/Info.plist;
				LD_RUNPATH_SEARCH_PATHS = "$(inherited) @executable_path/Frameworks";
				PRODUCT_BUNDLE_IDENTIFIER = com.codoon.TestDemo;
				PRODUCT_NAME = "$(TARGET_NAME)";
			};
			name = Debug;
		};
		7014E8511D41DE4B005A59B4 /* Release */ = {
			isa = XCBuildConfiguration;
			buildSettings = {
				ASSETCATALOG_COMPILER_APPICON_NAME = AppIcon;
				INFOPLIST_FILE = TestDemo/Info.plist;
				LD_RUNPATH_SEARCH_PATHS = "$(inherited) @executable_path/Frameworks";
				PRODUCT_BUNDLE_IDENTIFIER = com.codoon.TestDemo;
				PRODUCT_NAME = "$(TARGET_NAME)";
			};
			name = Release;
		};
/* End XCBuildConfiguration section */

/* Begin XCConfigurationList section */
		7014E8331D41DE4B005A59B4 /* Build configuration list for PBXProject "TestDemo" */ = {
			isa = XCConfigurationList;
			buildConfigurations = (
				7014E84D1D41DE4B005A59B4 /* Debug */,
				7014E84E1D41DE4B005A59B4 /* Release */,
			);
			defaultConfigurationIsVisible = 0;
			defaultConfigurationName = Release;
		};
		7014E84F1D41DE4B005A59B4 /* Build configuration list for PBXNativeTarget "TestDemo" */ = {
			isa = XCConfigurationList;
			buildConfigurations = (
				7014E8501D41DE4B005A59B4 /* Debug */,
				7014E8511D41DE4B005A59B4 /* Release */,
			);
			defaultConfigurationIsVisible = 0;
		};
/* End XCConfigurationList section */
	};
	rootObject = 7014E8301D41DE4B005A59B4 /* Project object */;
}
